
Microsoft Visual Studio Solution File, Format Version 12.00
# Visual Studio 15
VisualStudioVersion = 15.0.28307.421
MinimumVisualStudioVersion = 10.0.40219.1
Project("{9A19103F-16F7-4668-BE54-9A1E7A4F7556}") = "ConsoleApp1", "ConsoleApp1\ConsoleApp1.csproj", "{5AEBA0B0-3F5B-4F99-B1EF-BEDAF4D91EE6}"
EndProject
Project("{9A19103F-16F7-4668-BE54-9A1E7A4F7556}") = "ConsoleApp2", "ConsoleApp2\ConsoleApp2.csproj", "{2CC221FA-3B76-492B-9069-153C1229013D}"
EndProject
Project("{9A19103F-16F7-4668-BE54-9A1E7A4F7556}") = "Sample1", "ConsoleApp3\Sample1.csproj", "{67D6473F-445D-43BD-9340-AC8D5A7ECCC9}"
EndProject
Project("{9A19103F-16F7-4668-BE54-9A1E7A4F7556}") = "Sample", "ConsoleApp4\Sample.csproj", "{F9F141CA-0600-40B0-A3D6-5F688CBDB1E1}"
EndProject
Global
	GlobalSection(SolutionConfigurationPlatforms) = preSolution
		Debug|Any CPU = Debug|Any CPU
		Release|Any CPU = Release|Any CPU
	EndGlobalSection
	GlobalSection(ProjectConfigurationPlatforms) = postSolution
		{5AEBA0B0-3F5B-4F99-B1EF-BEDAF4D91EE6}.Debug|Any CPU.ActiveCfg = Debug|Any CPU
		{5AEBA0B0-3F5B-4F99-B1EF-BEDAF4D91EE6}.Debug|Any CPU.Build.0 = Debug|Any CPU
		{5AEBA0B0-3F5B-4F99-B1EF-BEDAF4D91EE6}.Release|Any CPU.ActiveCfg = Release|Any CPU
		{5AEBA0B0-3F5B-4F99-B1EF-BEDAF4D91EE6}.Release|Any CPU.Build.0 = Release|Any CPU
		{2CC221FA-3B76-492B-9069-153C1229013D}.Debug|Any CPU.ActiveCfg = Debug|Any CPU
		{2CC221FA-3B76-492B-9069-153C1229013D}.Debug|Any CPU.Build.0 = Debug|Any CPU
		{2CC221FA-3B76-492B-9069-153C1229013D}.Release|Any CPU.ActiveCfg = Release|Any CPU
		{2CC221FA-3B76-492B-9069-153C1229013D}.Release|Any CPU.Build.0 = Release|Any CPU
		{67D6473F-445D-43BD-9340-AC8D5A7ECCC9}.Debug|Any CPU.ActiveCfg = Debug|Any CPU
		{67D6473F-445D-43BD-9340-AC8D5A7ECCC9}.Debug|Any CPU.Build.0 = Debug|Any CPU
		{67D6473F-445D-43BD-9340-AC8D5A7ECCC9}.Release|Any CPU.ActiveCfg = Release|Any CPU
		{67D6473F-445D-43BD-9340-AC8D5A7ECCC9}.Release|Any CPU.Build.0 = Release|Any CPU
		{F9F141CA-0600-40B0-A3D6-5F688CBDB1E1}.Debug|Any CPU.ActiveCfg = Debug|Any CPU
		{F9F141CA-0600-40B0-A3D6-5F688CBDB1E1}.Debug|Any CPU.Build.0 = Debug|Any CPU
		{F9F141CA-0600-40B0-A3D6-5F688CBDB1E1}.Release|Any CPU.ActiveCfg = Release|Any CPU
		{F9F141CA-0600-40B0-A3D6-5F688CBDB1E1}.Release|Any CPU.Build.0 = Release|Any CPU
	EndGlobalSection
	GlobalSection(SolutionProperties) = preSolution
		HideSolutionNode = FALSE
	EndGlobalSection
	GlobalSection(ExtensibilityGlobals) = postSolution
		SolutionGuid = {9BAB87C5-A491-44B7-8EB2-9AC22C82F2AB}
	EndGlobalSection
EndGlobal
